# THIS IS AN AUTOGENERATED FILE. DO NOT EDIT THIS FILE DIRECTLY.
# yarn lockfile v1


curlrequest@^1.0.1:
  version "1.0.1"
  resolved "https://registry.yarnpkg.com/curlrequest/-/curlrequest-1.0.1.tgz#cd3d8e04e81d7996b0a1cd9716cb09d50b41d50f"
  integrity sha1-zT2OBOgdeZawoc2XFssJ1QtB1Q8=

fs@^0.0.1-security:
  version "0.0.1-security"
  resolved "https://registry.yarnpkg.com/fs/-/fs-0.0.1-security.tgz#8a7bd37186b6dddf3813f23858b57ecaaf5e41d4"
  integrity sha1-invTcYa23d84E/I4WLV+yq9eQdQ=
